{
  "name": "@ldrawjs/core",
  "version": "1.1.7",
  "lockfileVersion": 2,
  "requires": true,
  "packages": {
    "": {
      "name": "@ldrawjs/core",
      "version": "1.1.7",
      "license": "MIT",
      "peerDependencies": {
        "three": "^0.149.0"
      }
    },
    "node_modules/three": {
      "version": "0.149.0",
      "resolved": "https://zoominfo.jfrog.io/artifactory/api/npm/virtual-npm/three/-/three-0.149.0.tgz",
      "integrity": "sha512-tohpUxPDht0qExRLDTM8sjRLc5d9STURNrdnK3w9A+V4pxaTBfKWWT/IqtiLfg23Vfc3Z+ImNfvRw1/0CtxrkQ==",
      "peer": true
    }
  },
  "dependencies": {
    "three": {
      "version": "0.149.0",
      "resolved": "https://zoominfo.jfrog.io/artifactory/api/npm/virtual-npm/three/-/three-0.149.0.tgz",
      "integrity": "sha512-tohpUxPDht0qExRLDTM8sjRLc5d9STURNrdnK3w9A+V4pxaTBfKWWT/IqtiLfg23Vfc3Z+ImNfvRw1/0CtxrkQ==",
      "peer": true
    }
  }
}
